// !$*UTF8*$!
{
	archiveVersion = 1;
	classes = {
	};
	objectVersion = 51;
	objects = {

/* Begin PBXBuildFile section */
		2A02131F21FF0BE100F9AD1D /* RxCocoa.framework in Frameworks */ = {isa = PBXBuildFile; fileRef = 2A02131921FED34E00F9AD1D /* RxCocoa.framework */; };
		2A02132021FF0BE100F9AD1D /* RxSwift.framework in Frameworks */ = {isa = PBXBuildFile; fileRef = 2A02131A21FED34E00F9AD1D /* RxSwift.framework */; };
		2A1EEC3621FE5462005BD8D3 /* AppDelegate.swift in Sources */ = {isa = PBXBuildFile; fileRef = 2A1EEC3521FE5462005BD8D3 /* AppDelegate.swift */; };
		2A1EEC3821FE5462005BD8D3 /* ViewController.swift in Sources */ = {isa = PBXBuildFile; fileRef = 2A1EEC3721FE5462005BD8D3 /* ViewController.swift */; };
		2A1EEC3B21FE5462005BD8D3 /* Main.storyboard in Resources */ = {isa = PBXBuildFile; fileRef = 2A1EEC3921FE5462005BD8D3 /* Main.storyboard */; };
		2A1EEC3D21FE5466005BD8D3 /* Assets.xcassets in Resources */ = {isa = PBXBuildFile; fileRef = 2A1EEC3C21FE5466005BD8D3 /* Assets.xcassets */; };
		2A1EEC4021FE5466005BD8D3 /* LaunchScreen.storyboard in Resources */ = {isa = PBXBuildFile; fileRef = 2A1EEC3E21FE5466005BD8D3 /* LaunchScreen.storyboard */; };
/* End PBXBuildFile section */

/* Begin PBXFileReference section */
		2A02131921FED34E00F9AD1D /* RxCocoa.framework */ = {isa = PBXFileReference; lastKnownFileType = wrapper.framework; name = RxCocoa.framework; path = Carthage/Build/iOS/RxCocoa.framework; sourceTree = "<group>"; };
		2A02131A21FED34E00F9AD1D /* RxSwift.framework */ = {isa = PBXFileReference; lastKnownFileType = wrapper.framework; name = RxSwift.framework; path = Carthage/Build/iOS/RxSwift.framework; sourceTree = "<group>"; };
		2A1EEC3221FE5462005BD8D3 /* running.app */ = {isa = PBXFileReference; explicitFileType = wrapper.application; includeInIndex = 0; path = running.app; sourceTree = BUILT_PRODUCTS_DIR; };
		2A1EEC3521FE5462005BD8D3 /* AppDelegate.swift */ = {isa = PBXFileReference; lastKnownFileType = sourcecode.swift; path = AppDelegate.swift; sourceTree = "<group>"; };
		2A1EEC3721FE5462005BD8D3 /* ViewController.swift */ = {isa = PBXFileReference; lastKnownFileType = sourcecode.swift; path = ViewController.swift; sourceTree = "<group>"; };
		2A1EEC3A21FE5462005BD8D3 /* Base */ = {isa = PBXFileReference; lastKnownFileType = file.storyboard; name = Base; path = Base.lproj/Main.storyboard; sourceTree = "<group>"; };
		2A1EEC3C21FE5466005BD8D3 /* Assets.xcassets */ = {isa = PBXFileReference; lastKnownFileType = folder.assetcatalog; path = Assets.xcassets; sourceTree = "<group>"; };
		2A1EEC3F21FE5466005BD8D3 /* Base */ = {isa = PBXFileReference; lastKnownFileType = file.storyboard; name = Base; path = Base.lproj/LaunchScreen.storyboard; sourceTree = "<group>"; };
		2A1EEC4121FE5466005BD8D3 /* Info.plist */ = {isa = PBXFileReference; lastKnownFileType = text.plist.xml; path = Info.plist; sourceTree = "<group>"; };
/* End PBXFileReference section */

/* Begin PBXFrameworksBuildPhase section */
		2A1EEC2F21FE5462005BD8D3 /* Frameworks */ = {
			isa = PBXFrameworksBuildPhase;
			buildActionMask = 2147483647;
			files = (
				2A02131F21FF0BE100F9AD1D /* RxCocoa.framework in Frameworks */,
				2A02132021FF0BE100F9AD1D /* RxSwift.framework in Frameworks */,
			);
			runOnlyForDeploymentPostprocessing = 0;
		};
/* End PBXFrameworksBuildPhase section */

/* Begin PBXGroup section */
		2A02131821FED34D00F9AD1D /* Frameworks */ = {
			isa = PBXGroup;
			children = (
				2A02131921FED34E00F9AD1D /* RxCocoa.framework */,
				2A02131A21FED34E00F9AD1D /* RxSwift.framework */,
			);
			name = Frameworks;
			sourceTree = "<group>";
		};
		2A1EEC2921FE5461005BD8D3 = {
			isa = PBXGroup;
			children = (
				2A1EEC3421FE5462005BD8D3 /* running */,
				2A1EEC3321FE5462005BD8D3 /* Products */,
				2A02131821FED34D00F9AD1D /* Frameworks */,
			);
			sourceTree = "<group>";
		};
		2A1EEC3321FE5462005BD8D3 /* Products */ = {
			isa = PBXGroup;
			children = (
				2A1EEC3221FE5462005BD8D3 /* running.app */,
			);
			name = Products;
			sourceTree = "<group>";
		};
		2A1EEC3421FE5462005BD8D3 /* running */ = {
			isa = PBXGroup;
			children = (
				2A1EEC3521FE5462005BD8D3 /* AppDelegate.swift */,
				2A1EEC3721FE5462005BD8D3 /* ViewController.swift */,
				2A1EEC3921FE5462005BD8D3 /* Main.storyboard */,
				2A1EEC3C21FE5466005BD8D3 /* Assets.xcassets */,
				2A1EEC3E21FE5466005BD8D3 /* LaunchScreen.storyboard */,
				2A1EEC4121FE5466005BD8D3 /* Info.plist */,
			);
			path = running;
			sourceTree = "<group>";
		};
/* End PBXGroup section */

/* Begin PBXNativeTarget section */
		2A1EEC3121FE5462005BD8D3 /* running */ = {
			isa = PBXNativeTarget;
			buildConfigurationList = 2A1EEC4421FE5466005BD8D3 /* Build configuration list for PBXNativeTarget "running" */;
			buildPhases = (
				2A1EEC2E21FE5462005BD8D3 /* Sources */,
				2A1EEC2F21FE5462005BD8D3 /* Frameworks */,
				2A1EEC3021FE5462005BD8D3 /* Resources */,
				2A02131721FED30D00F9AD1D /* ShellScript */,
			);
			buildRules = (
			);
			dependencies = (
			);
			name = running;
			productName = running;
			productReference = 2A1EEC3221FE5462005BD8D3 /* running.app */;
			productType = "com.apple.product-type.application";
		};
/* End PBXNativeTarget section */

/* Begin PBXProject section */
		2A1EEC2A21FE5461005BD8D3 /* Project object */ = {
			isa = PBXProject;
			attributes = {
				LastSwiftUpdateCheck = 1010;
				LastUpgradeCheck = 1010;
				ORGANIZATIONNAME = ryosukeando;
				TargetAttributes = {
					2A1EEC3121FE5462005BD8D3 = {
						CreatedOnToolsVersion = 10.1;
					};
				};
			};
			buildConfigurationList = 2A1EEC2D21FE5462005BD8D3 /* Build configuration list for PBXProject "running" */;
			compatibilityVersion = "Xcode 10.0";
			developmentRegion = en;
			hasScannedForEncodings = 0;
			knownRegions = (
				en,
				Base,
			);
			mainGroup = 2A1EEC2921FE5461005BD8D3;
			productRefGroup = 2A1EEC3321FE5462005BD8D3 /* Products */;
			projectDirPath = "";
			projectRoot = "";
			targets = (
				2A1EEC3121FE5462005BD8D3 /* running */,
			);
		};
/* End PBXProject section */

/* Begin PBXResourcesBuildPhase section */
		2A1EEC3021FE5462005BD8D3 /* Resources */ = {
			isa = PBXResourcesBuildPhase;
			buildActionMask = 2147483647;
			files = (
				2A1EEC4021FE5466005BD8D3 /* LaunchScreen.storyboard in Resources */,
				2A1EEC3D21FE5466005BD8D3 /* Assets.xcassets in Resources */,
				2A1EEC3B21FE5462005BD8D3 /* Main.storyboard in Resources */,
			);
			runOnlyForDeploymentPostprocessing = 0;
		};
/* End PBXResourcesBuildPhase section */

/* Begin PBXShellScriptBuildPhase section */
		2A02131721FED30D00F9AD1D /* ShellScript */ = {
			isa = PBXShellScriptBuildPhase;
			buildActionMask = 2147483647;
			files = (
			);
			inputFileListPaths = (
			);
			inputPaths = (
				"$(SRCROOT)/Carthage/Build/iOS/RxSwift.framework",
				"$(SRCROOT)/Carthage/Build/iOS/RxCocoa.framework",
			);
			outputFileListPaths = (
			);
			outputPaths = (
			);
			runOnlyForDeploymentPostprocessing = 0;
			shellPath = /bin/sh;
			shellScript = "# Type a script or drag a script file from your workspace to insert its path.\n/usr/local/bin/carthage copy-frameworks\n";
		};
/* End PBXShellScriptBuildPhase section */

/* Begin PBXSourcesBuildPhase section */
		2A1EEC2E21FE5462005BD8D3 /* Sources */ = {
			isa = PBXSourcesBuildPhase;
			buildActionMask = 2147483647;
			files = (
				2A1EEC3821FE5462005BD8D3 /* ViewController.swift in Sources */,
				2A1EEC3621FE5462005BD8D3 /* AppDelegate.swift in Sources */,
			);
			runOnlyForDeploymentPostprocessing = 0;
		};
/* End PBXSourcesBuildPhase section */

/* Begin PBXVariantGroup section */
		2A1EEC3921FE5462005BD8D3 /* Main.storyboard */ = {
			isa = PBXVariantGroup;
			children = (
				2A1EEC3A21FE5462005BD8D3 /* Base */,
			);
			name = Main.storyboard;
			sourceTree = "<group>";
		};
		2A1EEC3E21FE5466005BD8D3 /* LaunchScreen.storyboard */ = {
			isa = PBXVariantGroup;
			children = (
				2A1EEC3F21FE5466005BD8D3 /* Base */,
			);
			name = LaunchScreen.storyboard;
			sourceTree = "<group>";
		};
/* End PBXVariantGroup section */

/* Begin XCBuildConfiguration section */
		2A1EEC4221FE5466005BD8D3 /* Debug */ = {
			isa = XCBuildConfiguration;
			buildSettings = {
				ALWAYS_SEARCH_USER_PATHS = NO;
				CLANG_ANALYZER_NONNULL = YES;
				CLANG_ANALYZER_NUMBER_OBJECT_CONVERSION = YES_AGGRESSIVE;
				CLANG_CXX_LANGUAGE_STANDARD = "gnu++14";
				CLANG_CXX_LIBRARY = "libc++";
				CLANG_ENABLE_MODULES = YES;
				CLANG_ENABLE_OBJC_ARC = YES;
				CLANG_ENABLE_OBJC_WEAK = YES;
				CLANG_WARN_BLOCK_CAPTURE_AUTORELEASING = YES;
				CLANG_WARN_BOOL_CONVERSION = YES;
				CLANG_WARN_COMMA = YES;
				CLANG_WARN_CONSTANT_CONVERSION = YES;
				CLANG_WARN_DEPRECATED_OBJC_IMPLEMENTATIONS = YES;
				CLANG_WARN_DIRECT_OBJC_ISA_USAGE = YES_ERROR;
				CLANG_WARN_DOCUMENTATION_COMMENTS = YES;
				CLANG_WARN_EMPTY_BODY = YES;
				CLANG_WARN_ENUM_CONVERSION = YES;
				CLANG_WARN_INFINITE_RECURSION = YES;
				CLANG_WARN_INT_CONVERSION = YES;
				CLANG_WARN_NON_LITERAL_NULL_CONVERSION = YES;
				CLANG_WARN_OBJC_IMPLICIT_RETAIN_SELF = YES;
				CLANG_WARN_OBJC_LITERAL_CONVERSION = YES;
				CLANG_WARN_OBJC_ROOT_CLASS = YES_ERROR;
				CLANG_WARN_RANGE_LOOP_ANALYSIS = YES;
				CLANG_WARN_STRICT_PROTOTYPES = YES;
				CLANG_WARN_SUSPICIOUS_MOVE = YES;
				CLANG_WARN_UNGUARDED_AVAILABILITY = YES_AGGRESSIVE;
				CLANG_WARN_UNREACHABLE_CODE = YES;
				CLANG_WARN__DUPLICATE_METHOD_MATCH = YES;
				CODE_SIGN_IDENTITY = "iPhone Developer";
				COPY_PHASE_STRIP = NO;
				DEBUG_INFORMATION_FORMAT = dwarf;
				ENABLE_STRICT_OBJC_MSGSEND = YES;
				ENABLE_TESTABILITY = YES;
				GCC_C_LANGUAGE_STANDARD = gnu11;
				GCC_DYNAMIC_NO_PIC = NO;
				GCC_NO_COMMON_BLOCKS = YES;
				GCC_OPTIMIZATION_LEVEL = 0;
				GCC_PREPROCESSOR_DEFINITIONS = (
					"DEBUG=1",
					"$(inherited)",
				);
				GCC_WARN_64_TO_32_BIT_CONVERSION = YES;
				GCC_WARN_ABOUT_RETURN_TYPE = YES_ERROR;
				GCC_WARN_UNDECLARED_SELECTOR = YES;
				GCC_WARN_UNINITIALIZED_AUTOS = YES_AGGRESSIVE;
				GCC_WARN_UNUSED_FUNCTION = YES;
				GCC_WARN_UNUSED_VARIABLE = YES;
				IPHONEOS_DEPLOYMENT_TARGET = 12.1;
				MTL_ENABLE_DEBUG_INFO = INCLUDE_SOURCE;
				MTL_FAST_MATH = YES;
				ONLY_ACTIVE_ARCH = YES;
				SDKROOT = iphoneos;
				SWIFT_ACTIVE_COMPILATION_CONDITIONS = DEBUG;
				SWIFT_OPTIMIZATION_LEVEL = "-Onone";
			};
			name = Debug;
		};
		2A1EEC4321FE5466005BD8D3 /* Release */ = {
			isa = XCBuildConfiguration;
			buildSettings = {
				ALWAYS_SEARCH_USER_PATHS = NO;
				CLANG_ANALYZER_NONNULL = YES;
				CLANG_ANALYZER_NUMBER_OBJECT_CONVERSION = YES_AGGRESSIVE;
				CLANG_CXX_LANGUAGE_STANDARD = "gnu++14";
				CLANG_CXX_LIBRARY = "libc++";
				CLANG_ENABLE_MODULES = YES;
				CLANG_ENABLE_OBJC_ARC = YES;
				CLANG_ENABLE_OBJC_WEAK = YES;
				CLANG_WARN_BLOCK_CAPTURE_AUTORELEASING = YES;
				CLANG_WARN_BOOL_CONVERSION = YES;
				CLANG_WARN_COMMA = YES;
				CLANG_WARN_CONSTANT_CONVERSION = YES;
				CLANG_WARN_DEPRECATED_OBJC_IMPLEMENTATIONS = YES;
				CLANG_WARN_DIRECT_OBJC_ISA_USAGE = YES_ERROR;
				CLANG_WARN_DOCUMENTATION_COMMENTS = YES;
				CLANG_WARN_EMPTY_BODY = YES;
				CLANG_WARN_ENUM_CONVERSION = YES;
				CLANG_WARN_INFINITE_RECURSION = YES;
				CLANG_WARN_INT_CONVERSION = YES;
				CLANG_WARN_NON_LITERAL_NULL_CONVERSION = YES;
				CLANG_WARN_OBJC_IMPLICIT_RETAIN_SELF = YES;
				CLANG_WARN_OBJC_LITERAL_CONVERSION = YES;
				CLANG_WARN_OBJC_ROOT_CLASS = YES_ERROR;
				CLANG_WARN_RANGE_LOOP_ANALYSIS = YES;
				CLANG_WARN_STRICT_PROTOTYPES = YES;
				CLANG_WARN_SUSPICIOUS_MOVE = YES;
				CLANG_WARN_UNGUARDED_AVAILABILITY = YES_AGGRESSIVE;
				CLANG_WARN_UNREACHABLE_CODE = YES;
				CLANG_WARN__DUPLICATE_METHOD_MATCH = YES;
				CODE_SIGN_IDENTITY = "iPhone Developer";
				COPY_PHASE_STRIP = NO;
				DEBUG_INFORMATION_FORMAT = "dwarf-with-dsym";
				ENABLE_NS_ASSERTIONS = NO;
				ENABLE_STRICT_OBJC_MSGSEND = YES;
				GCC_C_LANGUAGE_STANDARD = gnu11;
				GCC_NO_COMMON_BLOCKS = YES;
				GCC_WARN_64_TO_32_BIT_CONVERSION = YES;
				GCC_WARN_ABOUT_RETURN_TYPE = YES_ERROR;
				GCC_WARN_UNDECLARED_SELECTOR = YES;
				GCC_WARN_UNINITIALIZED_AUTOS = YES_AGGRESSIVE;
				GCC_WARN_UNUSED_FUNCTION = YES;
				GCC_WARN_UNUSED_VARIABLE = YES;
				IPHONEOS_DEPLOYMENT_TARGET = 12.1;
				MTL_ENABLE_DEBUG_INFO = NO;
				MTL_FAST_MATH = YES;
				SDKROOT = iphoneos;
				SWIFT_COMPILATION_MODE = wholemodule;
				SWIFT_OPTIMIZATION_LEVEL = "-O";
				VALIDATE_PRODUCT = YES;
			};
			name = Release;
		};
		2A1EEC4521FE5466005BD8D3 /* Debug */ = {
			isa = XCBuildConfiguration;
			buildSettings = {
				ASSETCATALOG_COMPILER_APPICON_NAME = AppIcon;
				CODE_SIGN_STYLE = Automatic;
				DEVELOPMENT_TEAM = 9EG8EAA9Q5;
				FRAMEWORK_SEARCH_PATHS = (
					"$(inherited)",
					"$(PROJECT_DIR)/Carthage/Build/iOS",
				);
				INFOPLIST_FILE = running/Info.plist;
				LD_RUNPATH_SEARCH_PATHS = (
					"$(inherited)",
					"@executable_path/Frameworks",
				);
				PRODUCT_BUNDLE_IDENTIFIER = link.ando.running;
				PRODUCT_NAME = "$(TARGET_NAME)";
				SWIFT_VERSION = 4.2;
				TARGETED_DEVICE_FAMILY = "1,2";
			};
			name = Debug;
		};
		2A1EEC4621FE5466005BD8D3 /* Release */ = {
			isa = XCBuildConfiguration;
			buildSettings = {
				ASSETCATALOG_COMPILER_APPICON_NAME = AppIcon;
				CODE_SIGN_STYLE = Automatic;
				DEVELOPMENT_TEAM = 9EG8EAA9Q5;
				FRAMEWORK_SEARCH_PATHS = (
					"$(inherited)",
					"$(PROJECT_DIR)/Carthage/Build/iOS",
				);
				INFOPLIST_FILE = running/Info.plist;
				LD_RUNPATH_SEARCH_PATHS = (
					"$(inherited)",
					"@executable_path/Frameworks",
				);
				PRODUCT_BUNDLE_IDENTIFIER = link.ando.running;
				PRODUCT_NAME = "$(TARGET_NAME)";
				SWIFT_VERSION = 4.2;
				TARGETED_DEVICE_FAMILY = "1,2";
			};
			name = Release;
		};
/* End XCBuildConfiguration section */

/* Begin XCConfigurationList section */
		2A1EEC2D21FE5462005BD8D3 /* Build configuration list for PBXProject "running" */ = {
			isa = XCConfigurationList;
			buildConfigurations = (
				2A1EEC4221FE5466005BD8D3 /* Debug */,
				2A1EEC4321FE5466005BD8D3 /* Release */,
			);
			defaultConfigurationIsVisible = 0;
			defaultConfigurationName = Release;
		};
		2A1EEC4421FE5466005BD8D3 /* Build configuration list for PBXNativeTarget "running" */ = {
			isa = XCConfigurationList;
			buildConfigurations = (
				2A1EEC4521FE5466005BD8D3 /* Debug */,
				2A1EEC4621FE5466005BD8D3 /* Release */,
			);
			defaultConfigurationIsVisible = 0;
			defaultConfigurationName = Release;
		};
/* End XCConfigurationList section */
	};
	rootObject = 2A1EEC2A21FE5461005BD8D3 /* Project object */;
}
